// !$*UTF8*$!
{
	archiveVersion = 1;
	classes = {
	};
	objectVersion = 46;
	objects = {

/* Begin PBXBuildFile section */
		200840EC1C87A8E4005F42AF /* ESUserDefaults.swift in Sources */ = {isa = PBXBuildFile; fileRef = 200840EB1C87A8E4005F42AF /* ESUserDefaults.swift */; };
		201D8AB31BCC034200FA276F /* CoreActionSheetPicker.framework in Frameworks */ = {isa = PBXBuildFile; fileRef = 201D8AB21BCC034200FA276F /* CoreActionSheetPicker.framework */; };
		20203A091BC565D7008BBDEB /* HKManager.swift in Sources */ = {isa = PBXBuildFile; fileRef = 20CEE3711BB4645B007D069B /* HKManager.swift */; };
		202751691BC5726900893C47 /* ESUserController.swift in Sources */ = {isa = PBXBuildFile; fileRef = 2062CACD1BB350B70031DF55 /* ESUserController.swift */; };
		2027516A1BC572C300893C47 /* NSNumber+EveryStep.swift in Sources */ = {isa = PBXBuildFile; fileRef = 2062CACF1BB358920031DF55 /* NSNumber+EveryStep.swift */; };
		2042645D1BC5B00800FAE77F /* ComplicationController.swift in Sources */ = {isa = PBXBuildFile; fileRef = 2042645C1BC5B00800FAE77F /* ComplicationController.swift */; };
		20586B6A1BCD768D008E190A /* NotificationCenter.framework in Frameworks */ = {isa = PBXBuildFile; fileRef = 20586B691BCD768D008E190A /* NotificationCenter.framework */; };
		20586B6D1BCD768D008E190A /* TodayViewController.swift in Sources */ = {isa = PBXBuildFile; fileRef = 20586B6C1BCD768D008E190A /* TodayViewController.swift */; };
		20586B701BCD768D008E190A /* MainInterface.storyboard in Resources */ = {isa = PBXBuildFile; fileRef = 20586B6E1BCD768D008E190A /* MainInterface.storyboard */; };
		20586B741BCD768D008E190A /* today.appex in Embed App Extensions */ = {isa = PBXBuildFile; fileRef = 20586B671BCD768D008E190A /* today.appex */; settings = {ATTRIBUTES = (RemoveHeadersOnCopy, ); }; };
		20586B791BCD773C008E190A /* HKManager.swift in Sources */ = {isa = PBXBuildFile; fileRef = 20CEE3711BB4645B007D069B /* HKManager.swift */; };
		20586B7A1BCD7769008E190A /* ESUserController.swift in Sources */ = {isa = PBXBuildFile; fileRef = 2062CACD1BB350B70031DF55 /* ESUserController.swift */; };
		20586B7B1BCD77EE008E190A /* ProgressView.swift in Sources */ = {isa = PBXBuildFile; fileRef = 206EC9EC1B8F60630073D766 /* ProgressView.swift */; };
		20586B7C1BCD77FB008E190A /* UIColor+EveryStep.swift in Sources */ = {isa = PBXBuildFile; fileRef = 206EC9F21B8F60F80073D766 /* UIColor+EveryStep.swift */; };
		2062CACC1BB34E770031DF55 /* GoalButton.swift in Sources */ = {isa = PBXBuildFile; fileRef = 2062CACB1BB34E770031DF55 /* GoalButton.swift */; };
		2062CACE1BB350B70031DF55 /* ESUserController.swift in Sources */ = {isa = PBXBuildFile; fileRef = 2062CACD1BB350B70031DF55 /* ESUserController.swift */; };
		2062CAD01BB358920031DF55 /* NSNumber+EveryStep.swift in Sources */ = {isa = PBXBuildFile; fileRef = 2062CACF1BB358920031DF55 /* NSNumber+EveryStep.swift */; };
		206EC9E11B8F5EE40073D766 /* Assets.xcassets in Resources */ = {isa = PBXBuildFile; fileRef = 206EC9DE1B8F5EE40073D766 /* Assets.xcassets */; };
		206EC9E21B8F5EE40073D766 /* LaunchScreen.storyboard in Resources */ = {isa = PBXBuildFile; fileRef = 206EC9DF1B8F5EE40073D766 /* LaunchScreen.storyboard */; };
		206EC9E31B8F5EE40073D766 /* Main.storyboard in Resources */ = {isa = PBXBuildFile; fileRef = 206EC9E01B8F5EE40073D766 /* Main.storyboard */; };
		206EC9E71B8F5F0D0073D766 /* AppDelegate.swift in Sources */ = {isa = PBXBuildFile; fileRef = 206EC9E51B8F5F0D0073D766 /* AppDelegate.swift */; };
		206EC9E91B8F5F3A0073D766 /* ActivityViewController.swift in Sources */ = {isa = PBXBuildFile; fileRef = 206EC9E81B8F5F3A0073D766 /* ActivityViewController.swift */; };
		206EC9EB1B8F5F530073D766 /* SettingsViewController.swift in Sources */ = {isa = PBXBuildFile; fileRef = 206EC9EA1B8F5F530073D766 /* SettingsViewController.swift */; };
		206EC9ED1B8F60630073D766 /* ProgressView.swift in Sources */ = {isa = PBXBuildFile; fileRef = 206EC9EC1B8F60630073D766 /* ProgressView.swift */; };
		206EC9F31B8F60F80073D766 /* UIColor+EveryStep.swift in Sources */ = {isa = PBXBuildFile; fileRef = 206EC9F21B8F60F80073D766 /* UIColor+EveryStep.swift */; };
		208663E51BE1921500C08A3F /* ActivityInterfaceController.swift in Sources */ = {isa = PBXBuildFile; fileRef = 208663E41BE1921500C08A3F /* ActivityInterfaceController.swift */; };
		209031611BBC803800ED697F /* Interface.storyboard in Resources */ = {isa = PBXBuildFile; fileRef = 2090315F1BBC803800ED697F /* Interface.storyboard */; };
		209031631BBC803800ED697F /* Assets.xcassets in Resources */ = {isa = PBXBuildFile; fileRef = 209031621BBC803800ED697F /* Assets.xcassets */; };
		2090316A1BBC803800ED697F /* watchapp Extension.appex in Embed App Extensions */ = {isa = PBXBuildFile; fileRef = 209031691BBC803800ED697F /* watchapp Extension.appex */; settings = {ATTRIBUTES = (RemoveHeadersOnCopy, ); }; };
		209031711BBC803800ED697F /* ExtensionDelegate.swift in Sources */ = {isa = PBXBuildFile; fileRef = 209031701BBC803800ED697F /* ExtensionDelegate.swift */; };
		209031731BBC803800ED697F /* Assets.xcassets in Resources */ = {isa = PBXBuildFile; fileRef = 209031721BBC803800ED697F /* Assets.xcassets */; };
		209031771BBC803800ED697F /* watchapp.app in Embed Watch Content */ = {isa = PBXBuildFile; fileRef = 2090315D1BBC803800ED697F /* watchapp.app */; };
		20A4B6AC1BEE5375003DFF5D /* CMPedometerManager.swift in Sources */ = {isa = PBXBuildFile; fileRef = 20A4B6AB1BEE5375003DFF5D /* CMPedometerManager.swift */; };
		20A4B6AD1BEE5375003DFF5D /* CMPedometerManager.swift in Sources */ = {isa = PBXBuildFile; fileRef = 20A4B6AB1BEE5375003DFF5D /* CMPedometerManager.swift */; };
		20A4B6AE1BEE5375003DFF5D /* CMPedometerManager.swift in Sources */ = {isa = PBXBuildFile; fileRef = 20A4B6AB1BEE5375003DFF5D /* CMPedometerManager.swift */; };
		20A4B6B01BEE5436003DFF5D /* NSDate+EveryStep.swift in Sources */ = {isa = PBXBuildFile; fileRef = 20A4B6AF1BEE5436003DFF5D /* NSDate+EveryStep.swift */; };
		20A4B6B11BEE5436003DFF5D /* NSDate+EveryStep.swift in Sources */ = {isa = PBXBuildFile; fileRef = 20A4B6AF1BEE5436003DFF5D /* NSDate+EveryStep.swift */; };
		20A4B6B21BEE5436003DFF5D /* NSDate+EveryStep.swift in Sources */ = {isa = PBXBuildFile; fileRef = 20A4B6AF1BEE5436003DFF5D /* NSDate+EveryStep.swift */; };
		20B6640F1BC857BE00D22564 /* TextFieldCell.swift in Sources */ = {isa = PBXBuildFile; fileRef = 20B6640E1BC857BE00D22564 /* TextFieldCell.swift */; };
		20BFCE5C1C654DF7007BB8B9 /* RatingViewController.swift in Sources */ = {isa = PBXBuildFile; fileRef = 20BFCE5B1C654DF7007BB8B9 /* RatingViewController.swift */; };
		20BFCE5E1C654E04007BB8B9 /* RatingViewController.xib in Resources */ = {isa = PBXBuildFile; fileRef = 20BFCE5D1C654E04007BB8B9 /* RatingViewController.xib */; };
		20BFCE601C654E18007BB8B9 /* RatingAlertTransitioner.swift in Sources */ = {isa = PBXBuildFile; fileRef = 20BFCE5F1C654E18007BB8B9 /* RatingAlertTransitioner.swift */; };
		20CEE3721BB4645B007D069B /* HKManager.swift in Sources */ = {isa = PBXBuildFile; fileRef = 20CEE3711BB4645B007D069B /* HKManager.swift */; };
		20CEE3741BB46F5D007D069B /* HealthKit.framework in Frameworks */ = {isa = PBXBuildFile; fileRef = 20CEE3731BB46F5D007D069B /* HealthKit.framework */; };
		20E7769F1BCD7DD100E69860 /* GoalButton.swift in Sources */ = {isa = PBXBuildFile; fileRef = 2062CACB1BB34E770031DF55 /* GoalButton.swift */; };
		20E776A01BCD7E1000E69860 /* NSNumber+EveryStep.swift in Sources */ = {isa = PBXBuildFile; fileRef = 2062CACF1BB358920031DF55 /* NSNumber+EveryStep.swift */; };
		20EE9C521BE3C315009F0ACE /* HealthKit.framework in Frameworks */ = {isa = PBXBuildFile; fileRef = 20CEE3731BB46F5D007D069B /* HealthKit.framework */; };
/* End PBXBuildFile section */

/* Begin PBXContainerItemProxy section */
		20586B721BCD768D008E190A /* PBXContainerItemProxy */ = {
			isa = PBXContainerItemProxy;
			containerPortal = 206EC9C01B8F5E9B0073D766 /* Project object */;
			proxyType = 1;
			remoteGlobalIDString = 20586B661BCD768D008E190A;
			remoteInfo = today;
		};
		2090316B1BBC803800ED697F /* PBXContainerItemProxy */ = {
			isa = PBXContainerItemProxy;
			containerPortal = 206EC9C01B8F5E9B0073D766 /* Project object */;
			proxyType = 1;
			remoteGlobalIDString = 209031681BBC803800ED697F;
			remoteInfo = "watchapp Extension";
		};
		209031751BBC803800ED697F /* PBXContainerItemProxy */ = {
			isa = PBXContainerItemProxy;
			containerPortal = 206EC9C01B8F5E9B0073D766 /* Project object */;
			proxyType = 1;
			remoteGlobalIDString = 2090315C1BBC803800ED697F;
			remoteInfo = watchapp;
		};
/* End PBXContainerItemProxy section */

/* Begin PBXCopyFilesBuildPhase section */
		20586B781BCD768D008E190A /* Embed App Extensions */ = {
			isa = PBXCopyFilesBuildPhase;
			buildActionMask = 2147483647;
			dstPath = "";
			dstSubfolderSpec = 13;
			files = (
				20586B741BCD768D008E190A /* today.appex in Embed App Extensions */,
			);
			name = "Embed App Extensions";
			runOnlyForDeploymentPostprocessing = 0;
		};
		2090317B1BBC803800ED697F /* Embed App Extensions */ = {
			isa = PBXCopyFilesBuildPhase;
			buildActionMask = 2147483647;
			dstPath = "";
			dstSubfolderSpec = 13;
			files = (
				2090316A1BBC803800ED697F /* watchapp Extension.appex in Embed App Extensions */,
			);
			name = "Embed App Extensions";
			runOnlyForDeploymentPostprocessing = 0;
		};
		2090317F1BBC803800ED697F /* Embed Watch Content */ = {
			isa = PBXCopyFilesBuildPhase;
			buildActionMask = 2147483647;
			dstPath = "$(CONTENTS_FOLDER_PATH)/Watch";
			dstSubfolderSpec = 16;
			files = (
				209031771BBC803800ED697F /* watchapp.app in Embed Watch Content */,
			);
			name = "Embed Watch Content";
			runOnlyForDeploymentPostprocessing = 0;
		};
/* End PBXCopyFilesBuildPhase section */

/* Begin PBXFileReference section */
		200840EB1C87A8E4005F42AF /* ESUserDefaults.swift */ = {isa = PBXFileReference; fileEncoding = 4; lastKnownFileType = sourcecode.swift; path = ESUserDefaults.swift; sourceTree = "<group>"; };
		201D8AB21BCC034200FA276F /* CoreActionSheetPicker.framework */ = {isa = PBXFileReference; lastKnownFileType = wrapper.framework; name = CoreActionSheetPicker.framework; path = Carthage/Build/iOS/CoreActionSheetPicker.framework; sourceTree = "<group>"; };
		2027516D1BC578BA00893C47 /* watchapp Extension.entitlements */ = {isa = PBXFileReference; lastKnownFileType = text.xml; path = "watchapp Extension.entitlements"; sourceTree = "<group>"; };
		2042645C1BC5B00800FAE77F /* ComplicationController.swift */ = {isa = PBXFileReference; fileEncoding = 4; lastKnownFileType = sourcecode.swift; path = ComplicationController.swift; sourceTree = "<group>"; };
		20586B671BCD768D008E190A /* today.appex */ = {isa = PBXFileReference; explicitFileType = "wrapper.app-extension"; includeInIndex = 0; path = today.appex; sourceTree = BUILT_PRODUCTS_DIR; };
		20586B691BCD768D008E190A /* NotificationCenter.framework */ = {isa = PBXFileReference; lastKnownFileType = wrapper.framework; name = NotificationCenter.framework; path = System/Library/Frameworks/NotificationCenter.framework; sourceTree = SDKROOT; };
		20586B6C1BCD768D008E190A /* TodayViewController.swift */ = {isa = PBXFileReference; lastKnownFileType = sourcecode.swift; path = TodayViewController.swift; sourceTree = "<group>"; };
		20586B6F1BCD768D008E190A /* Base */ = {isa = PBXFileReference; lastKnownFileType = file.storyboard; name = Base; path = Base.lproj/MainInterface.storyboard; sourceTree = "<group>"; };
		20586B711BCD768D008E190A /* Info.plist */ = {isa = PBXFileReference; lastKnownFileType = text.plist.xml; path = Info.plist; sourceTree = "<group>"; };
		2062CACB1BB34E770031DF55 /* GoalButton.swift */ = {isa = PBXFileReference; fileEncoding = 4; lastKnownFileType = sourcecode.swift; path = GoalButton.swift; sourceTree = "<group>"; };
		2062CACD1BB350B70031DF55 /* ESUserController.swift */ = {isa = PBXFileReference; fileEncoding = 4; lastKnownFileType = sourcecode.swift; path = ESUserController.swift; sourceTree = "<group>"; };
		2062CACF1BB358920031DF55 /* NSNumber+EveryStep.swift */ = {isa = PBXFileReference; fileEncoding = 4; lastKnownFileType = sourcecode.swift; path = "NSNumber+EveryStep.swift"; sourceTree = "<group>"; };
		206EC9C81B8F5E9B0073D766 /* EveryStep.app */ = {isa = PBXFileReference; explicitFileType = wrapper.application; includeInIndex = 0; path = EveryStep.app; sourceTree = BUILT_PRODUCTS_DIR; };
		206EC9D71B8F5E9B0073D766 /* Info.plist */ = {isa = PBXFileReference; lastKnownFileType = text.plist.xml; path = Info.plist; sourceTree = "<group>"; };
		206EC9DE1B8F5EE40073D766 /* Assets.xcassets */ = {isa = PBXFileReference; lastKnownFileType = folder.assetcatalog; path = Assets.xcassets; sourceTree = "<group>"; };
		206EC9DF1B8F5EE40073D766 /* LaunchScreen.storyboard */ = {isa = PBXFileReference; fileEncoding = 4; lastKnownFileType = file.storyboard; path = LaunchScreen.storyboard; sourceTree = "<group>"; };
		206EC9E01B8F5EE40073D766 /* Main.storyboard */ = {isa = PBXFileReference; fileEncoding = 4; lastKnownFileType = file.storyboard; path = Main.storyboard; sourceTree = "<group>"; };
		206EC9E51B8F5F0D0073D766 /* AppDelegate.swift */ = {isa = PBXFileReference; fileEncoding = 4; lastKnownFileType = sourcecode.swift; path = AppDelegate.swift; sourceTree = "<group>"; };
		206EC9E81B8F5F3A0073D766 /* ActivityViewController.swift */ = {isa = PBXFileReference; fileEncoding = 4; lastKnownFileType = sourcecode.swift; path = ActivityViewController.swift; sourceTree = "<group>"; };
		206EC9EA1B8F5F530073D766 /* SettingsViewController.swift */ = {isa = PBXFileReference; fileEncoding = 4; lastKnownFileType = sourcecode.swift; path = SettingsViewController.swift; sourceTree = "<group>"; };
		206EC9EC1B8F60630073D766 /* ProgressView.swift */ = {isa = PBXFileReference; fileEncoding = 4; lastKnownFileType = sourcecode.swift; path = ProgressView.swift; sourceTree = "<group>"; };
		206EC9F21B8F60F80073D766 /* UIColor+EveryStep.swift */ = {isa = PBXFileReference; fileEncoding = 4; lastKnownFileType = sourcecode.swift; path = "UIColor+EveryStep.swift"; sourceTree = "<group>"; };
		208663E41BE1921500C08A3F /* ActivityInterfaceController.swift */ = {isa = PBXFileReference; fileEncoding = 4; lastKnownFileType = sourcecode.swift; path = ActivityInterfaceController.swift; sourceTree = "<group>"; };
		2090315D1BBC803800ED697F /* watchapp.app */ = {isa = PBXFileReference; explicitFileType = wrapper.application; includeInIndex = 0; path = watchapp.app; sourceTree = BUILT_PRODUCTS_DIR; };
		209031601BBC803800ED697F /* Base */ = {isa = PBXFileReference; lastKnownFileType = file.storyboard; name = Base; path = Base.lproj/Interface.storyboard; sourceTree = "<group>"; };
		209031621BBC803800ED697F /* Assets.xcassets */ = {isa = PBXFileReference; lastKnownFileType = folder.assetcatalog; path = Assets.xcassets; sourceTree = "<group>"; };
		209031641BBC803800ED697F /* Info.plist */ = {isa = PBXFileReference; lastKnownFileType = text.plist.xml; path = Info.plist; sourceTree = "<group>"; };
		209031691BBC803800ED697F /* watchapp Extension.appex */ = {isa = PBXFileReference; explicitFileType = "wrapper.app-extension"; includeInIndex = 0; path = "watchapp Extension.appex"; sourceTree = BUILT_PRODUCTS_DIR; };
		209031701BBC803800ED697F /* ExtensionDelegate.swift */ = {isa = PBXFileReference; lastKnownFileType = sourcecode.swift; path = ExtensionDelegate.swift; sourceTree = "<group>"; };
		209031721BBC803800ED697F /* Assets.xcassets */ = {isa = PBXFileReference; lastKnownFileType = folder.assetcatalog; path = Assets.xcassets; sourceTree = "<group>"; };
		209031741BBC803800ED697F /* Info.plist */ = {isa = PBXFileReference; lastKnownFileType = text.plist.xml; path = Info.plist; sourceTree = "<group>"; };
		20A4B6AB1BEE5375003DFF5D /* CMPedometerManager.swift */ = {isa = PBXFileReference; fileEncoding = 4; lastKnownFileType = sourcecode.swift; path = CMPedometerManager.swift; sourceTree = "<group>"; };
		20A4B6AF1BEE5436003DFF5D /* NSDate+EveryStep.swift */ = {isa = PBXFileReference; fileEncoding = 4; lastKnownFileType = sourcecode.swift; path = "NSDate+EveryStep.swift"; sourceTree = "<group>"; };
		20B6640E1BC857BE00D22564 /* TextFieldCell.swift */ = {isa = PBXFileReference; fileEncoding = 4; lastKnownFileType = sourcecode.swift; path = TextFieldCell.swift; sourceTree = "<group>"; };
		20BFCE5B1C654DF7007BB8B9 /* RatingViewController.swift */ = {isa = PBXFileReference; fileEncoding = 4; lastKnownFileType = sourcecode.swift; path = RatingViewController.swift; sourceTree = "<group>"; };
		20BFCE5D1C654E04007BB8B9 /* RatingViewController.xib */ = {isa = PBXFileReference; fileEncoding = 4; lastKnownFileType = file.xib; path = RatingViewController.xib; sourceTree = "<group>"; };
		20BFCE5F1C654E18007BB8B9 /* RatingAlertTransitioner.swift */ = {isa = PBXFileReference; fileEncoding = 4; lastKnownFileType = sourcecode.swift; path = RatingAlertTransitioner.swift; sourceTree = "<group>"; };
		20CEE3711BB4645B007D069B /* HKManager.swift */ = {isa = PBXFileReference; fileEncoding = 4; lastKnownFileType = sourcecode.swift; path = HKManager.swift; sourceTree = "<group>"; };
		20CEE3731BB46F5D007D069B /* HealthKit.framework */ = {isa = PBXFileReference; lastKnownFileType = wrapper.framework; name = HealthKit.framework; path = System/Library/Frameworks/HealthKit.framework; sourceTree = SDKROOT; };
		20CEE3751BB46F5D007D069B /* EveryStep.entitlements */ = {isa = PBXFileReference; lastKnownFileType = text.xml; path = EveryStep.entitlements; sourceTree = "<group>"; };
		20EE9C511BE3C315009F0ACE /* today.entitlements */ = {isa = PBXFileReference; lastKnownFileType = text.xml; path = today.entitlements; sourceTree = "<group>"; };
/* End PBXFileReference section */

/* Begin PBXFrameworksBuildPhase section */
		20586B641BCD768D008E190A /* Frameworks */ = {
			isa = PBXFrameworksBuildPhase;
			buildActionMask = 2147483647;
			files = (
				20586B6A1BCD768D008E190A /* NotificationCenter.framework in Frameworks */,
				20EE9C521BE3C315009F0ACE /* HealthKit.framework in Frameworks */,
			);
			runOnlyForDeploymentPostprocessing = 0;
		};
		206EC9C51B8F5E9B0073D766 /* Frameworks */ = {
			isa = PBXFrameworksBuildPhase;
			buildActionMask = 2147483647;
			files = (
				20CEE3741BB46F5D007D069B /* HealthKit.framework in Frameworks */,
				201D8AB31BCC034200FA276F /* CoreActionSheetPicker.framework in Frameworks */,
			);
			runOnlyForDeploymentPostprocessing = 0;
		};
		209031661BBC803800ED697F /* Frameworks */ = {
			isa = PBXFrameworksBuildPhase;
			buildActionMask = 2147483647;
			files = (
			);
			runOnlyForDeploymentPostprocessing = 0;
		};
/* End PBXFrameworksBuildPhase section */

/* Begin PBXGroup section */
		20586B681BCD768D008E190A /* Frameworks */ = {
			isa = PBXGroup;
			children = (
				20586B691BCD768D008E190A /* NotificationCenter.framework */,
			);
			name = Frameworks;
			sourceTree = "<group>";
		};
		20586B6B1BCD768D008E190A /* today */ = {
			isa = PBXGroup;
			children = (
				20EE9C511BE3C315009F0ACE /* today.entitlements */,
				20586B6C1BCD768D008E190A /* TodayViewController.swift */,
				20586B6E1BCD768D008E190A /* MainInterface.storyboard */,
				20586B711BCD768D008E190A /* Info.plist */,
			);
			path = today;
			sourceTree = "<group>";
		};
		206EC9BF1B8F5E9B0073D766 = {
			isa = PBXGroup;
			children = (
				201D8AB21BCC034200FA276F /* CoreActionSheetPicker.framework */,
				20CEE3731BB46F5D007D069B /* HealthKit.framework */,
				206EC9CA1B8F5E9B0073D766 /* EveryStep */,
				2090315E1BBC803800ED697F /* watchapp */,
				2090316D1BBC803800ED697F /* watchapp Extension */,
				20586B6B1BCD768D008E190A /* today */,
				20586B681BCD768D008E190A /* Frameworks */,
				206EC9C91B8F5E9B0073D766 /* Products */,
			);
			sourceTree = "<group>";
		};
		206EC9C91B8F5E9B0073D766 /* Products */ = {
			isa = PBXGroup;
			children = (
				206EC9C81B8F5E9B0073D766 /* EveryStep.app */,
				2090315D1BBC803800ED697F /* watchapp.app */,
				209031691BBC803800ED697F /* watchapp Extension.appex */,
				20586B671BCD768D008E190A /* today.appex */,
			);
			name = Products;
			sourceTree = "<group>";
		};
		206EC9CA1B8F5E9B0073D766 /* EveryStep */ = {
			isa = PBXGroup;
			children = (
				20CEE3751BB46F5D007D069B /* EveryStep.entitlements */,
				206EC9EE1B8F60D90073D766 /* Utils (Shared) */,
				206EC9E41B8F5F0D0073D766 /* Application */,
				206EC9E61B8F5F0D0073D766 /* Controllers */,
				206EC9DD1B8F5EE40073D766 /* UI */,
				206EC9D71B8F5E9B0073D766 /* Info.plist */,
			);
			path = EveryStep;
			sourceTree = "<group>";
		};
		206EC9DD1B8F5EE40073D766 /* UI */ = {
			isa = PBXGroup;
			children = (
				206EC9DE1B8F5EE40073D766 /* Assets.xcassets */,
				206EC9DF1B8F5EE40073D766 /* LaunchScreen.storyboard */,
				206EC9E01B8F5EE40073D766 /* Main.storyboard */,
				20BFCE5D1C654E04007BB8B9 /* RatingViewController.xib */,
				206EC9EC1B8F60630073D766 /* ProgressView.swift */,
				2062CACB1BB34E770031DF55 /* GoalButton.swift */,
				20B6640E1BC857BE00D22564 /* TextFieldCell.swift */,
			);
			path = UI;
			sourceTree = "<group>";
		};
		206EC9E41B8F5F0D0073D766 /* Application */ = {
			isa = PBXGroup;
			children = (
				206EC9E51B8F5F0D0073D766 /* AppDelegate.swift */,
			);
			path = Application;
			sourceTree = "<group>";
		};
		206EC9E61B8F5F0D0073D766 /* Controllers */ = {
			isa = PBXGroup;
			children = (
				20BFCE5B1C654DF7007BB8B9 /* RatingViewController.swift */,
				20BFCE5F1C654E18007BB8B9 /* RatingAlertTransitioner.swift */,
				206EC9E81B8F5F3A0073D766 /* ActivityViewController.swift */,
				206EC9EA1B8F5F530073D766 /* SettingsViewController.swift */,
			);
			path = Controllers;
			sourceTree = "<group>";
		};
		206EC9EE1B8F60D90073D766 /* Utils (Shared) */ = {
			isa = PBXGroup;
			children = (
				206EC9EF1B8F60D90073D766 /* Extensions */,
				2062CACD1BB350B70031DF55 /* ESUserController.swift */,
				20CEE3711BB4645B007D069B /* HKManager.swift */,
				20A4B6AB1BEE5375003DFF5D /* CMPedometerManager.swift */,
				200840EB1C87A8E4005F42AF /* ESUserDefaults.swift */,
			);
			name = "Utils (Shared)";
			path = Utils;
			sourceTree = "<group>";
		};
		206EC9EF1B8F60D90073D766 /* Extensions */ = {
			isa = PBXGroup;
			children = (
				206EC9F21B8F60F80073D766 /* UIColor+EveryStep.swift */,
				2062CACF1BB358920031DF55 /* NSNumber+EveryStep.swift */,
				20A4B6AF1BEE5436003DFF5D /* NSDate+EveryStep.swift */,
			);
			path = Extensions;
			sourceTree = "<group>";
		};
		2090315E1BBC803800ED697F /* watchapp */ = {
			isa = PBXGroup;
			children = (
				2090315F1BBC803800ED697F /* Interface.storyboard */,
				209031621BBC803800ED697F /* Assets.xcassets */,
				209031641BBC803800ED697F /* Info.plist */,
			);
			path = watchapp;
			sourceTree = "<group>";
		};
		2090316D1BBC803800ED697F /* watchapp Extension */ = {
			isa = PBXGroup;
			children = (
				2027516D1BC578BA00893C47 /* watchapp Extension.entitlements */,
				209031701BBC803800ED697F /* ExtensionDelegate.swift */,
				209031721BBC803800ED697F /* Assets.xcassets */,
				209031741BBC803800ED697F /* Info.plist */,
				2042645C1BC5B00800FAE77F /* ComplicationController.swift */,
				208663E41BE1921500C08A3F /* ActivityInterfaceController.swift */,
			);
			path = "watchapp Extension";
			sourceTree = "<group>";
		};
/* End PBXGroup section */

/* Begin PBXNativeTarget section */
		20586B661BCD768D008E190A /* today */ = {
			isa = PBXNativeTarget;
			buildConfigurationList = 20586B771BCD768D008E190A /* Build configuration list for PBXNativeTarget "today" */;
			buildPhases = (
				20586B631BCD768D008E190A /* Sources */,
				20586B641BCD768D008E190A /* Frameworks */,
				20586B651BCD768D008E190A /* Resources */,
			);
			buildRules = (
			);
			dependencies = (
			);
			name = today;
			productName = today;
			productReference = 20586B671BCD768D008E190A /* today.appex */;
			productType = "com.apple.product-type.app-extension";
		};
		206EC9C71B8F5E9B0073D766 /* EveryStep */ = {
			isa = PBXNativeTarget;
			buildConfigurationList = 206EC9DA1B8F5E9B0073D766 /* Build configuration list for PBXNativeTarget "EveryStep" */;
			buildPhases = (
				206EC9C41B8F5E9B0073D766 /* Sources */,
				206EC9C51B8F5E9B0073D766 /* Frameworks */,
				206EC9C61B8F5E9B0073D766 /* Resources */,
				2090317F1BBC803800ED697F /* Embed Watch Content */,
				201D8AB41BCC034B00FA276F /* ShellScript */,
				20586B781BCD768D008E190A /* Embed App Extensions */,
			);
			buildRules = (
			);
			dependencies = (
				209031761BBC803800ED697F /* PBXTargetDependency */,
				20586B731BCD768D008E190A /* PBXTargetDependency */,
			);
			name = EveryStep;
			productName = EveryStep;
			productReference = 206EC9C81B8F5E9B0073D766 /* EveryStep.app */;
			productType = "com.apple.product-type.application";
		};
		2090315C1BBC803800ED697F /* watchapp */ = {
			isa = PBXNativeTarget;
			buildConfigurationList = 2090317C1BBC803800ED697F /* Build configuration list for PBXNativeTarget "watchapp" */;
			buildPhases = (
				2090315B1BBC803800ED697F /* Resources */,
				2090317B1BBC803800ED697F /* Embed App Extensions */,
			);
			buildRules = (
			);
			dependencies = (
				2090316C1BBC803800ED697F /* PBXTargetDependency */,
			);
			name = watchapp;
			productName = watchapp;
			productReference = 2090315D1BBC803800ED697F /* watchapp.app */;
			productType = "com.apple.product-type.application.watchapp2";
		};
		209031681BBC803800ED697F /* watchapp Extension */ = {
			isa = PBXNativeTarget;
			buildConfigurationList = 209031781BBC803800ED697F /* Build configuration list for PBXNativeTarget "watchapp Extension" */;
			buildPhases = (
				209031651BBC803800ED697F /* Sources */,
				209031661BBC803800ED697F /* Frameworks */,
				209031671BBC803800ED697F /* Resources */,
			);
			buildRules = (
			);
			dependencies = (
			);
			name = "watchapp Extension";
			productName = "watchapp Extension";
			productReference = 209031691BBC803800ED697F /* watchapp Extension.appex */;
			productType = "com.apple.product-type.watchkit2-extension";
		};
/* End PBXNativeTarget section */

/* Begin PBXProject section */
		206EC9C01B8F5E9B0073D766 /* Project object */ = {
			isa = PBXProject;
			attributes = {
				LastSwiftUpdateCheck = 0720;
				LastUpgradeCheck = 0700;
				ORGANIZATIONNAME = nakkotech;
				TargetAttributes = {
					20586B661BCD768D008E190A = {
						CreatedOnToolsVersion = 7.0.1;
						DevelopmentTeam = BH392B46K8;
						SystemCapabilities = {
							com.apple.HealthKit = {
								enabled = 1;
							};
						};
					};
					206EC9C71B8F5E9B0073D766 = {
						CreatedOnToolsVersion = 7.0;
						DevelopmentTeam = BH392B46K8;
						SystemCapabilities = {
							com.apple.BackgroundModes = {
								enabled = 0;
							};
							com.apple.HealthKit = {
								enabled = 1;
							};
						};
					};
					2090315C1BBC803800ED697F = {
						CreatedOnToolsVersion = 7.0.1;
						DevelopmentTeam = BH392B46K8;
					};
					209031681BBC803800ED697F = {
						CreatedOnToolsVersion = 7.0.1;
						DevelopmentTeam = BH392B46K8;
						SystemCapabilities = {
							com.apple.HealthKit = {
								enabled = 1;
							};
						};
					};
				};
			};
			buildConfigurationList = 206EC9C31B8F5E9B0073D766 /* Build configuration list for PBXProject "EveryStep" */;
			compatibilityVersion = "Xcode 3.2";
			developmentRegion = English;
			hasScannedForEncodings = 0;
			knownRegions = (
				en,
				Base,
			);
			mainGroup = 206EC9BF1B8F5E9B0073D766;
			productRefGroup = 206EC9C91B8F5E9B0073D766 /* Products */;
			projectDirPath = "";
			projectRoot = "";
			targets = (
				206EC9C71B8F5E9B0073D766 /* EveryStep */,
				2090315C1BBC803800ED697F /* watchapp */,
				209031681BBC803800ED697F /* watchapp Extension */,
				20586B661BCD768D008E190A /* today */,
			);
		};
/* End PBXProject section */

/* Begin PBXResourcesBuildPhase section */
		20586B651BCD768D008E190A /* Resources */ = {
			isa = PBXResourcesBuildPhase;
			buildActionMask = 2147483647;
			files = (
				20586B701BCD768D008E190A /* MainInterface.storyboard in Resources */,
			);
			runOnlyForDeploymentPostprocessing = 0;
		};
		206EC9C61B8F5E9B0073D766 /* Resources */ = {
			isa = PBXResourcesBuildPhase;
			buildActionMask = 2147483647;
			files = (
				206EC9E31B8F5EE40073D766 /* Main.storyboard in Resources */,
				20BFCE5E1C654E04007BB8B9 /* RatingViewController.xib in Resources */,
				206EC9E11B8F5EE40073D766 /* Assets.xcassets in Resources */,
				206EC9E21B8F5EE40073D766 /* LaunchScreen.storyboard in Resources */,
			);
			runOnlyForDeploymentPostprocessing = 0;
		};
		2090315B1BBC803800ED697F /* Resources */ = {
			isa = PBXResourcesBuildPhase;
			buildActionMask = 2147483647;
			files = (
				209031631BBC803800ED697F /* Assets.xcassets in Resources */,
				209031611BBC803800ED697F /* Interface.storyboard in Resources */,
			);
			runOnlyForDeploymentPostprocessing = 0;
		};
		209031671BBC803800ED697F /* Resources */ = {
			isa = PBXResourcesBuildPhase;
			buildActionMask = 2147483647;
			files = (
				209031731BBC803800ED697F /* Assets.xcassets in Resources */,
			);
			runOnlyForDeploymentPostprocessing = 0;
		};
/* End PBXResourcesBuildPhase section */

/* Begin PBXShellScriptBuildPhase section */
		201D8AB41BCC034B00FA276F /* ShellScript */ = {
			isa = PBXShellScriptBuildPhase;
			buildActionMask = 2147483647;
			files = (
			);
			inputPaths = (
				"$(SRCROOT)/Carthage/Build/iOS/CoreActionSheetPicker.framework",
			);
			outputPaths = (
			);
			runOnlyForDeploymentPostprocessing = 0;
			shellPath = /bin/sh;
			shellScript = "/usr/local/bin/carthage copy-frameworks";
		};
/* End PBXShellScriptBuildPhase section */

/* Begin PBXSourcesBuildPhase section */
		20586B631BCD768D008E190A /* Sources */ = {
			isa = PBXSourcesBuildPhase;
			buildActionMask = 2147483647;
			files = (
				20E7769F1BCD7DD100E69860 /* GoalButton.swift in Sources */,
				20586B7A1BCD7769008E190A /* ESUserController.swift in Sources */,
				20586B7B1BCD77EE008E190A /* ProgressView.swift in Sources */,
				20A4B6AE1BEE5375003DFF5D /* CMPedometerManager.swift in Sources */,
				20E776A01BCD7E1000E69860 /* NSNumber+EveryStep.swift in Sources */,
				20586B7C1BCD77FB008E190A /* UIColor+EveryStep.swift in Sources */,
				20586B791BCD773C008E190A /* HKManager.swift in Sources */,
				20586B6D1BCD768D008E190A /* TodayViewController.swift in Sources */,
				20A4B6B21BEE5436003DFF5D /* NSDate+EveryStep.swift in Sources */,
			);
			runOnlyForDeploymentPostprocessing = 0;
		};
		206EC9C41B8F5E9B0073D766 /* Sources */ = {
			isa = PBXSourcesBuildPhase;
			buildActionMask = 2147483647;
			files = (
				2062CACC1BB34E770031DF55 /* GoalButton.swift in Sources */,
				2062CACE1BB350B70031DF55 /* ESUserController.swift in Sources */,
				20A4B6B01BEE5436003DFF5D /* NSDate+EveryStep.swift in Sources */,
				20B6640F1BC857BE00D22564 /* TextFieldCell.swift in Sources */,
				20BFCE5C1C654DF7007BB8B9 /* RatingViewController.swift in Sources */,
				206EC9E71B8F5F0D0073D766 /* AppDelegate.swift in Sources */,
				206EC9ED1B8F60630073D766 /* ProgressView.swift in Sources */,
				206EC9F31B8F60F80073D766 /* UIColor+EveryStep.swift in Sources */,
				20CEE3721BB4645B007D069B /* HKManager.swift in Sources */,
				206EC9E91B8F5F3A0073D766 /* ActivityViewController.swift in Sources */,
				206EC9EB1B8F5F530073D766 /* SettingsViewController.swift in Sources */,
				20BFCE601C654E18007BB8B9 /* RatingAlertTransitioner.swift in Sources */,
				20A4B6AC1BEE5375003DFF5D /* CMPedometerManager.swift in Sources */,
				200840EC1C87A8E4005F42AF /* ESUserDefaults.swift in Sources */,
				2062CAD01BB358920031DF55 /* NSNumber+EveryStep.swift in Sources */,
			);
			runOnlyForDeploymentPostprocessing = 0;
		};
		209031651BBC803800ED697F /* Sources */ = {
			isa = PBXSourcesBuildPhase;
			buildActionMask = 2147483647;
			files = (
				2027516A1BC572C300893C47 /* NSNumber+EveryStep.swift in Sources */,
				20203A091BC565D7008BBDEB /* HKManager.swift in Sources */,
				20A4B6B11BEE5436003DFF5D /* NSDate+EveryStep.swift in Sources */,
				20A4B6AD1BEE5375003DFF5D /* CMPedometerManager.swift in Sources */,
				202751691BC5726900893C47 /* ESUserController.swift in Sources */,
				209031711BBC803800ED697F /* ExtensionDelegate.swift in Sources */,
				208663E51BE1921500C08A3F /* ActivityInterfaceController.swift in Sources */,
				2042645D1BC5B00800FAE77F /* ComplicationController.swift in Sources */,
			);
			runOnlyForDeploymentPostprocessing = 0;
		};
/* End PBXSourcesBuildPhase section */

/* Begin PBXTargetDependency section */
		20586B731BCD768D008E190A /* PBXTargetDependency */ = {
			isa = PBXTargetDependency;
			target = 20586B661BCD768D008E190A /* today */;
			targetProxy = 20586B721BCD768D008E190A /* PBXContainerItemProxy */;
		};
		2090316C1BBC803800ED697F /* PBXTargetDependency */ = {
			isa = PBXTargetDependency;
			target = 209031681BBC803800ED697F /* watchapp Extension */;
			targetProxy = 2090316B1BBC803800ED697F /* PBXContainerItemProxy */;
		};
		209031761BBC803800ED697F /* PBXTargetDependency */ = {
			isa = PBXTargetDependency;
			target = 2090315C1BBC803800ED697F /* watchapp */;
			targetProxy = 209031751BBC803800ED697F /* PBXContainerItemProxy */;
		};
/* End PBXTargetDependency section */

/* Begin PBXVariantGroup section */
		20586B6E1BCD768D008E190A /* MainInterface.storyboard */ = {
			isa = PBXVariantGroup;
			children = (
				20586B6F1BCD768D008E190A /* Base */,
			);
			name = MainInterface.storyboard;
			sourceTree = "<group>";
		};
		2090315F1BBC803800ED697F /* Interface.storyboard */ = {
			isa = PBXVariantGroup;
			children = (
				209031601BBC803800ED697F /* Base */,
			);
			name = Interface.storyboard;
			sourceTree = "<group>";
		};
/* End PBXVariantGroup section */

/* Begin XCBuildConfiguration section */
		20586B751BCD768D008E190A /* Debug */ = {
			isa = XCBuildConfiguration;
			buildSettings = {
				CODE_SIGN_ENTITLEMENTS = today/today.entitlements;
				CODE_SIGN_IDENTITY = "iPhone Developer";
				"CODE_SIGN_IDENTITY[sdk=iphoneos*]" = "iPhone Developer: Stuart Buchbinder (BT2E62HXRZ)";
				ENABLE_BITCODE = NO;
				INFOPLIST_FILE = today/Info.plist;
				LD_RUNPATH_SEARCH_PATHS = "$(inherited) @executable_path/Frameworks @executable_path/../../Frameworks";
				PRODUCT_BUNDLE_IDENTIFIER = com.nakkotech.EveryStep.today;
				PRODUCT_NAME = "$(TARGET_NAME)";
				PROVISIONING_PROFILE = "24a8fc57-03ea-4ac5-9881-e68fcb8e705a";
				SKIP_INSTALL = YES;
				VALID_ARCHS = "arm64 armv7s armv7";
			};
			name = Debug;
		};
		20586B761BCD768D008E190A /* Release */ = {
			isa = XCBuildConfiguration;
			buildSettings = {
				CODE_SIGN_ENTITLEMENTS = today/today.entitlements;
				CODE_SIGN_IDENTITY = "iPhone Developer";
				"CODE_SIGN_IDENTITY[sdk=iphoneos*]" = "iPhone Distribution: Stuart Buchbinder (BH392B46K8)";
				ENABLE_BITCODE = NO;
				INFOPLIST_FILE = today/Info.plist;
				LD_RUNPATH_SEARCH_PATHS = "$(inherited) @executable_path/Frameworks @executable_path/../../Frameworks";
				PRODUCT_BUNDLE_IDENTIFIER = com.nakkotech.EveryStep.today;
				PRODUCT_NAME = "$(TARGET_NAME)";
				PROVISIONING_PROFILE = "36dbaac9-7a5e-428a-a824-4e76179d9c9a";
				SKIP_INSTALL = YES;
				VALID_ARCHS = "arm64 armv7s armv7";
			};
			name = Release;
		};
		206EC9D81B8F5E9B0073D766 /* Debug */ = {
			isa = XCBuildConfiguration;
			buildSettings = {
				ALWAYS_SEARCH_USER_PATHS = NO;
				CLANG_CXX_LANGUAGE_STANDARD = "gnu++0x";
				CLANG_CXX_LIBRARY = "libc++";
				CLANG_ENABLE_MODULES = YES;
				CLANG_ENABLE_OBJC_ARC = YES;
				CLANG_WARN_BOOL_CONVERSION = YES;
				CLANG_WARN_CONSTANT_CONVERSION = YES;
				CLANG_WARN_DIRECT_OBJC_ISA_USAGE = YES_ERROR;
				CLANG_WARN_EMPTY_BODY = YES;
				CLANG_WARN_ENUM_CONVERSION = YES;
				CLANG_WARN_INT_CONVERSION = YES;
				CLANG_WARN_OBJC_ROOT_CLASS = YES_ERROR;
				CLANG_WARN_UNREACHABLE_CODE = YES;
				CLANG_WARN__DUPLICATE_METHOD_MATCH = YES;
				"CODE_SIGN_IDENTITY[sdk=iphoneos*]" = "iPhone Developer: Stuart Buchbinder (BT2E62HXRZ)";
				COPY_PHASE_STRIP = NO;
				DEBUG_INFORMATION_FORMAT = dwarf;
				ENABLE_STRICT_OBJC_MSGSEND = YES;
				ENABLE_TESTABILITY = YES;
				GCC_C_LANGUAGE_STANDARD = gnu99;
				GCC_DYNAMIC_NO_PIC = NO;
				GCC_NO_COMMON_BLOCKS = YES;
				GCC_OPTIMIZATION_LEVEL = 0;
				GCC_PREPROCESSOR_DEFINITIONS = (
					"DEBUG=1",
					"$(inherited)",
				);
				GCC_WARN_64_TO_32_BIT_CONVERSION = YES;
				GCC_WARN_ABOUT_RETURN_TYPE = YES_ERROR;
				GCC_WARN_UNDECLARED_SELECTOR = YES;
				GCC_WARN_UNINITIALIZED_AUTOS = YES_AGGRESSIVE;
				GCC_WARN_UNUSED_FUNCTION = YES;
				GCC_WARN_UNUSED_VARIABLE = YES;
				IPHONEOS_DEPLOYMENT_TARGET = 9.2;
				MTL_ENABLE_DEBUG_INFO = YES;
				ONLY_ACTIVE_ARCH = YES;
				PROVISIONING_PROFILE = "61bf37b3-1024-4c11-9219-7cbed13ae865";
				SDKROOT = iphoneos;
				SWIFT_OPTIMIZATION_LEVEL = "-Onone";
			};
			name = Debug;
		};
		206EC9D91B8F5E9B0073D766 /* Release */ = {
			isa = XCBuildConfiguration;
			buildSettings = {
				ALWAYS_SEARCH_USER_PATHS = NO;
				CLANG_CXX_LANGUAGE_STANDARD = "gnu++0x";
				CLANG_CXX_LIBRARY = "libc++";
				CLANG_ENABLE_MODULES = YES;
				CLANG_ENABLE_OBJC_ARC = YES;
				CLANG_WARN_BOOL_CONVERSION = YES;
				CLANG_WARN_CONSTANT_CONVERSION = YES;
				CLANG_WARN_DIRECT_OBJC_ISA_USAGE = YES_ERROR;
				CLANG_WARN_EMPTY_BODY = YES;
				CLANG_WARN_ENUM_CONVERSION = YES;
				CLANG_WARN_INT_CONVERSION = YES;
				CLANG_WARN_OBJC_ROOT_CLASS = YES_ERROR;
				CLANG_WARN_UNREACHABLE_CODE = YES;
				CLANG_WARN__DUPLICATE_METHOD_MATCH = YES;
				"CODE_SIGN_IDENTITY[sdk=iphoneos*]" = "iPhone Developer";
				COPY_PHASE_STRIP = NO;
				DEBUG_INFORMATION_FORMAT = "dwarf-with-dsym";
				ENABLE_NS_ASSERTIONS = NO;
				ENABLE_STRICT_OBJC_MSGSEND = YES;
				GCC_C_LANGUAGE_STANDARD = gnu99;
				GCC_NO_COMMON_BLOCKS = YES;
				GCC_WARN_64_TO_32_BIT_CONVERSION = YES;
				GCC_WARN_ABOUT_RETURN_TYPE = YES_ERROR;
				GCC_WARN_UNDECLARED_SELECTOR = YES;
				GCC_WARN_UNINITIALIZED_AUTOS = YES_AGGRESSIVE;
				GCC_WARN_UNUSED_FUNCTION = YES;
				GCC_WARN_UNUSED_VARIABLE = YES;
				IPHONEOS_DEPLOYMENT_TARGET = 9.2;
				MTL_ENABLE_DEBUG_INFO = NO;
				SDKROOT = iphoneos;
				VALIDATE_PRODUCT = YES;
			};
			name = Release;
		};
		206EC9DB1B8F5E9B0073D766 /* Debug */ = {
			isa = XCBuildConfiguration;
			buildSettings = {
				ASSETCATALOG_COMPILER_APPICON_NAME = AppIcon;
				CODE_SIGN_ENTITLEMENTS = EveryStep/EveryStep.entitlements;
				CODE_SIGN_IDENTITY = "iPhone Developer: Stuart Buchbinder (BT2E62HXRZ)";
				"CODE_SIGN_IDENTITY[sdk=iphoneos*]" = "iPhone Developer: Stuart Buchbinder (BT2E62HXRZ)";
				EMBEDDED_CONTENT_CONTAINS_SWIFT = YES;
				ENABLE_BITCODE = NO;
				FRAMEWORK_SEARCH_PATHS = (
					"$(inherited)",
					"$(PROJECT_DIR)/Carthage/Build/iOS",
				);
				INFOPLIST_FILE = EveryStep/Info.plist;
				IPHONEOS_DEPLOYMENT_TARGET = 9.0;
				LD_RUNPATH_SEARCH_PATHS = "$(inherited) @executable_path/Frameworks";
				PRODUCT_BUNDLE_IDENTIFIER = com.nakkotech.EveryStep;
				PRODUCT_NAME = "$(TARGET_NAME)";
				PROVISIONING_PROFILE = "ff7dcbb0-3f11-40d3-843e-eaec9337ed06";
				TARGETED_DEVICE_FAMILY = 1;
			};
			name = Debug;
		};
		206EC9DC1B8F5E9B0073D766 /* Release */ = {
			isa = XCBuildConfiguration;
			buildSettings = {
				ASSETCATALOG_COMPILER_APPICON_NAME = AppIcon;
				CODE_SIGN_ENTITLEMENTS = EveryStep/EveryStep.entitlements;
				CODE_SIGN_IDENTITY = "iPhone Distribution: Stuart Buchbinder (BH392B46K8)";
				"CODE_SIGN_IDENTITY[sdk=iphoneos*]" = "iPhone Distribution: Stuart Buchbinder (BH392B46K8)";
				EMBEDDED_CONTENT_CONTAINS_SWIFT = YES;
				ENABLE_BITCODE = NO;
				FRAMEWORK_SEARCH_PATHS = (
					"$(inherited)",
					"$(PROJECT_DIR)/Carthage/Build/iOS",
				);
				INFOPLIST_FILE = EveryStep/Info.plist;
				IPHONEOS_DEPLOYMENT_TARGET = 9.0;
				LD_RUNPATH_SEARCH_PATHS = "$(inherited) @executable_path/Frameworks";
				PRODUCT_BUNDLE_IDENTIFIER = com.nakkotech.EveryStep;
				PRODUCT_NAME = "$(TARGET_NAME)";
				PROVISIONING_PROFILE = "50d10f09-ef83-4194-bb68-76e8eb3b9df9";
				TARGETED_DEVICE_FAMILY = 1;
			};
			name = Release;
		};
		209031791BBC803800ED697F /* Debug */ = {
			isa = XCBuildConfiguration;
			buildSettings = {
				ASSETCATALOG_COMPILER_COMPLICATION_NAME = Complication;
				CODE_SIGN_ENTITLEMENTS = "watchapp Extension/watchapp Extension.entitlements";
				CODE_SIGN_IDENTITY = "iPhone Developer: Stuart Buchbinder (BT2E62HXRZ)";
				"CODE_SIGN_IDENTITY[sdk=iphoneos*]" = "iPhone Developer: Stuart Buchbinder (BT2E62HXRZ)";
				"CODE_SIGN_IDENTITY[sdk=watchos*]" = "iPhone Developer";
				FRAMEWORK_SEARCH_PATHS = (
					"$(inherited)",
					"$(PROJECT_DIR)/Carthage/Build/iOS",
				);
				INFOPLIST_FILE = "watchapp Extension/Info.plist";
				LD_RUNPATH_SEARCH_PATHS = "$(inherited) @executable_path/Frameworks @executable_path/../../Frameworks";
				PRODUCT_BUNDLE_IDENTIFIER = com.nakkotech.EveryStep.watchkitapp.watchkitextension;
				PRODUCT_NAME = "${TARGET_NAME}";
				PROVISIONING_PROFILE = "5c132243-2aba-4ea7-b517-80075595568b";
				SDKROOT = watchos;
				SKIP_INSTALL = YES;
				TARGETED_DEVICE_FAMILY = 4;
				WATCHOS_DEPLOYMENT_TARGET = 2.0;
			};
			name = Debug;
		};
		2090317A1BBC803800ED697F /* Release */ = {
			isa = XCBuildConfiguration;
			buildSettings = {
				ASSETCATALOG_COMPILER_COMPLICATION_NAME = Complication;
				CODE_SIGN_ENTITLEMENTS = "watchapp Extension/watchapp Extension.entitlements";
				CODE_SIGN_IDENTITY = "iPhone Distribution: Stuart Buchbinder (BH392B46K8)";
				"CODE_SIGN_IDENTITY[sdk=watchos*]" = "iPhone Distribution: Stuart Buchbinder (BH392B46K8)";
				FRAMEWORK_SEARCH_PATHS = (
					"$(inherited)",
					"$(PROJECT_DIR)/Carthage/Build/iOS",
				);
				INFOPLIST_FILE = "watchapp Extension/Info.plist";
				LD_RUNPATH_SEARCH_PATHS = "$(inherited) @executable_path/Frameworks @executable_path/../../Frameworks";
				PRODUCT_BUNDLE_IDENTIFIER = com.nakkotech.EveryStep.watchkitapp.watchkitextension;
				PRODUCT_NAME = "${TARGET_NAME}";
				PROVISIONING_PROFILE = "fad3f135-ea47-43dd-adba-d23cb12cbe83";
				SDKROOT = watchos;
				SKIP_INSTALL = YES;
				TARGETED_DEVICE_FAMILY = 4;
				WATCHOS_DEPLOYMENT_TARGET = 2.0;
			};
			name = Release;
		};
		2090317D1BBC803800ED697F /* Debug */ = {
			isa = XCBuildConfiguration;
			buildSettings = {
				ASSETCATALOG_COMPILER_APPICON_NAME = AppIcon;
				CODE_SIGN_IDENTITY = "iPhone Developer: Stuart Buchbinder (BT2E62HXRZ)";
				"CODE_SIGN_IDENTITY[sdk=iphoneos*]" = "iPhone Developer: Stuart Buchbinder (BT2E62HXRZ)";
				EMBEDDED_CONTENT_CONTAINS_SWIFT = YES;
				IBSC_MODULE = watchapp_Extension;
				INFOPLIST_FILE = watchapp/Info.plist;
				PRODUCT_BUNDLE_IDENTIFIER = com.nakkotech.EveryStep.watchkitapp;
				PRODUCT_NAME = "$(TARGET_NAME)";
				PROVISIONING_PROFILE = "7e47ba8a-a565-44ba-b515-aaffe97dee45";
				SDKROOT = watchos;
				SKIP_INSTALL = YES;
				TARGETED_DEVICE_FAMILY = 4;
				WATCHOS_DEPLOYMENT_TARGET = 2.0;
			};
			name = Debug;
		};
		2090317E1BBC803800ED697F /* Release */ = {
			isa = XCBuildConfiguration;
			buildSettings = {
				ASSETCATALOG_COMPILER_APPICON_NAME = AppIcon;
				CODE_SIGN_IDENTITY = "iPhone Distribution: Stuart Buchbinder (BH392B46K8)";
				"CODE_SIGN_IDENTITY[sdk=iphoneos*]" = "iPhone Distribution: Stuart Buchbinder (BH392B46K8)";
				EMBEDDED_CONTENT_CONTAINS_SWIFT = YES;
				IBSC_MODULE = watchapp_Extension;
				INFOPLIST_FILE = watchapp/Info.plist;
				PRODUCT_BUNDLE_IDENTIFIER = com.nakkotech.EveryStep.watchkitapp;
				PRODUCT_NAME = "$(TARGET_NAME)";
				PROVISIONING_PROFILE = "9e41e4e5-6918-4f1e-8b87-dd8b11109155";
				SDKROOT = watchos;
				SKIP_INSTALL = YES;
				TARGETED_DEVICE_FAMILY = 4;
				WATCHOS_DEPLOYMENT_TARGET = 2.0;
			};
			name = Release;
		};
/* End XCBuildConfiguration section */

/* Begin XCConfigurationList section */
		20586B771BCD768D008E190A /* Build configuration list for PBXNativeTarget "today" */ = {
			isa = XCConfigurationList;
			buildConfigurations = (
				20586B751BCD768D008E190A /* Debug */,
				20586B761BCD768D008E190A /* Release */,
			);
			defaultConfigurationIsVisible = 0;
			defaultConfigurationName = Release;
		};
		206EC9C31B8F5E9B0073D766 /* Build configuration list for PBXProject "EveryStep" */ = {
			isa = XCConfigurationList;
			buildConfigurations = (
				206EC9D81B8F5E9B0073D766 /* Debug */,
				206EC9D91B8F5E9B0073D766 /* Release */,
			);
			defaultConfigurationIsVisible = 0;
			defaultConfigurationName = Release;
		};
		206EC9DA1B8F5E9B0073D766 /* Build configuration list for PBXNativeTarget "EveryStep" */ = {
			isa = XCConfigurationList;
			buildConfigurations = (
				206EC9DB1B8F5E9B0073D766 /* Debug */,
				206EC9DC1B8F5E9B0073D766 /* Release */,
			);
			defaultConfigurationIsVisible = 0;
			defaultConfigurationName = Release;
		};
		209031781BBC803800ED697F /* Build configuration list for PBXNativeTarget "watchapp Extension" */ = {
			isa = XCConfigurationList;
			buildConfigurations = (
				209031791BBC803800ED697F /* Debug */,
				2090317A1BBC803800ED697F /* Release */,
			);
			defaultConfigurationIsVisible = 0;
			defaultConfigurationName = Release;
		};
		2090317C1BBC803800ED697F /* Build configuration list for PBXNativeTarget "watchapp" */ = {
			isa = XCConfigurationList;
			buildConfigurations = (
				2090317D1BBC803800ED697F /* Debug */,
				2090317E1BBC803800ED697F /* Release */,
			);
			defaultConfigurationIsVisible = 0;
			defaultConfigurationName = Release;
		};
/* End XCConfigurationList section */
	};
	rootObject = 206EC9C01B8F5E9B0073D766 /* Project object */;
}
